
Microsoft Visual Studio Solution File, Format Version 12.00
# Visual Studio Version 17
VisualStudioVersion = 17.0.31903.59
MinimumVisualStudioVersion = 10.0.40219.1
Project("{FAE04EC0-301F-11D3-BF4B-00C04F79EFBC}") = "SocketServer", "SocketServer\SocketServer.csproj", "{5204B0D4-466C-48F5-983F-2BD48F69CC1E}"
EndProject
Project("{FAE04EC0-301F-11D3-BF4B-00C04F79EFBC}") = "SocketClient", "SocketClient\SocketClient.csproj", "{14CF5927-A470-4D8B-A0C9-67AD6D1E918F}"
EndProject
Global
	GlobalSection(SolutionConfigurationPlatforms) = preSolution
		Debug|Any CPU = Debug|Any CPU
		Release|Any CPU = Release|Any CPU
	EndGlobalSection
	GlobalSection(SolutionProperties) = preSolution
		HideSolutionNode = FALSE
	EndGlobalSection
	GlobalSection(ProjectConfigurationPlatforms) = postSolution
		{5204B0D4-466C-48F5-983F-2BD48F69CC1E}.Debug|Any CPU.ActiveCfg = Debug|Any CPU
		{5204B0D4-466C-48F5-983F-2BD48F69CC1E}.Debug|Any CPU.Build.0 = Debug|Any CPU
		{5204B0D4-466C-48F5-983F-2BD48F69CC1E}.Release|Any CPU.ActiveCfg = Release|Any CPU
		{5204B0D4-466C-48F5-983F-2BD48F69CC1E}.Release|Any CPU.Build.0 = Release|Any CPU
		{14CF5927-A470-4D8B-A0C9-67AD6D1E918F}.Debug|Any CPU.ActiveCfg = Debug|Any CPU
		{14CF5927-A470-4D8B-A0C9-67AD6D1E918F}.Debug|Any CPU.Build.0 = Debug|Any CPU
		{14CF5927-A470-4D8B-A0C9-67AD6D1E918F}.Release|Any CPU.ActiveCfg = Release|Any CPU
		{14CF5927-A470-4D8B-A0C9-67AD6D1E918F}.Release|Any CPU.Build.0 = Release|Any CPU
	EndGlobalSection
EndGlobal
